
Microsoft Visual Studio Solution File, Format Version 12.00
# Visual Studio Version 17
VisualStudioVersion = 17.0.31903.59
MinimumVisualStudioVersion = 10.0.40219.1
Project("{FAE04EC0-301F-11D3-BF4B-00C04F79EFBC}") = "Core", "Core\Core.csproj", "{54F89B7A-0AAA-4CFE-A647-4D4DE9F2760C}"
EndProject
Project("{FAE04EC0-301F-11D3-BF4B-00C04F79EFBC}") = "Infrastructure", "Infrastructure\Infrastructure.csproj", "{B10E87BE-532E-4D8F-B592-6A8050E7A36E}"
EndProject
Project("{FAE04EC0-301F-11D3-BF4B-00C04F79EFBC}") = "Server", "Server\Server.csproj", "{14506BD1-0338-4CD8-BFFC-495ECA6D6FD2}"
EndProject
Project("{FAE04EC0-301F-11D3-BF4B-00C04F79EFBC}") = "Queries", "Queries\Queries.csproj", "{6AF2DC07-C8AE-482C-B119-38E20920DFF6}"
EndProject
Project("{FAE04EC0-301F-11D3-BF4B-00C04F79EFBC}") = "Parser.Fit", "Parser.Fit\Parser.Fit.csproj", "{267F288B-3CDD-4AF2-8066-1632BE29F66F}"
EndProject
Project("{FAE04EC0-301F-11D3-BF4B-00C04F79EFBC}") = "Mutations", "Mutations\Mutations.csproj", "{7EC2D210-E2D7-4934-A812-2ABF40199932}"
EndProject
Project("{FAE04EC0-301F-11D3-BF4B-00C04F79EFBC}") = "Infrastructure.Sqlite", "Infrastructure.Sqlite\Infrastructure.Sqlite.csproj", "{BDA9D8F4-A6F7-43C7-BC46-323319C61090}"
EndProject
Project("{FAE04EC0-301F-11D3-BF4B-00C04F79EFBC}") = "Infrastructure.Postgres", "Infrastructure.Postgres\Infrastructure.Postgres.csproj", "{69D13B95-29F4-4B00-AA13-320AE67792C3}"
EndProject
Global
	GlobalSection(SolutionConfigurationPlatforms) = preSolution
		Debug|Any CPU = Debug|Any CPU
		Release|Any CPU = Release|Any CPU
	EndGlobalSection
	GlobalSection(SolutionProperties) = preSolution
		HideSolutionNode = FALSE
	EndGlobalSection
	GlobalSection(ProjectConfigurationPlatforms) = postSolution
		{54F89B7A-0AAA-4CFE-A647-4D4DE9F2760C}.Debug|Any CPU.ActiveCfg = Debug|Any CPU
		{54F89B7A-0AAA-4CFE-A647-4D4DE9F2760C}.Debug|Any CPU.Build.0 = Debug|Any CPU
		{54F89B7A-0AAA-4CFE-A647-4D4DE9F2760C}.Release|Any CPU.ActiveCfg = Release|Any CPU
		{54F89B7A-0AAA-4CFE-A647-4D4DE9F2760C}.Release|Any CPU.Build.0 = Release|Any CPU
		{B10E87BE-532E-4D8F-B592-6A8050E7A36E}.Debug|Any CPU.ActiveCfg = Debug|Any CPU
		{B10E87BE-532E-4D8F-B592-6A8050E7A36E}.Debug|Any CPU.Build.0 = Debug|Any CPU
		{B10E87BE-532E-4D8F-B592-6A8050E7A36E}.Release|Any CPU.ActiveCfg = Release|Any CPU
		{B10E87BE-532E-4D8F-B592-6A8050E7A36E}.Release|Any CPU.Build.0 = Release|Any CPU
		{14506BD1-0338-4CD8-BFFC-495ECA6D6FD2}.Debug|Any CPU.ActiveCfg = Debug|Any CPU
		{14506BD1-0338-4CD8-BFFC-495ECA6D6FD2}.Debug|Any CPU.Build.0 = Debug|Any CPU
		{14506BD1-0338-4CD8-BFFC-495ECA6D6FD2}.Release|Any CPU.ActiveCfg = Release|Any CPU
		{14506BD1-0338-4CD8-BFFC-495ECA6D6FD2}.Release|Any CPU.Build.0 = Release|Any CPU
		{6AF2DC07-C8AE-482C-B119-38E20920DFF6}.Debug|Any CPU.ActiveCfg = Debug|Any CPU
		{6AF2DC07-C8AE-482C-B119-38E20920DFF6}.Debug|Any CPU.Build.0 = Debug|Any CPU
		{6AF2DC07-C8AE-482C-B119-38E20920DFF6}.Release|Any CPU.ActiveCfg = Release|Any CPU
		{6AF2DC07-C8AE-482C-B119-38E20920DFF6}.Release|Any CPU.Build.0 = Release|Any CPU
		{267F288B-3CDD-4AF2-8066-1632BE29F66F}.Debug|Any CPU.ActiveCfg = Debug|Any CPU
		{267F288B-3CDD-4AF2-8066-1632BE29F66F}.Debug|Any CPU.Build.0 = Debug|Any CPU
		{267F288B-3CDD-4AF2-8066-1632BE29F66F}.Release|Any CPU.ActiveCfg = Release|Any CPU
		{267F288B-3CDD-4AF2-8066-1632BE29F66F}.Release|Any CPU.Build.0 = Release|Any CPU
		{7EC2D210-E2D7-4934-A812-2ABF40199932}.Debug|Any CPU.ActiveCfg = Debug|Any CPU
		{7EC2D210-E2D7-4934-A812-2ABF40199932}.Debug|Any CPU.Build.0 = Debug|Any CPU
		{7EC2D210-E2D7-4934-A812-2ABF40199932}.Release|Any CPU.ActiveCfg = Release|Any CPU
		{7EC2D210-E2D7-4934-A812-2ABF40199932}.Release|Any CPU.Build.0 = Release|Any CPU
		{BDA9D8F4-A6F7-43C7-BC46-323319C61090}.Debug|Any CPU.ActiveCfg = Debug|Any CPU
		{BDA9D8F4-A6F7-43C7-BC46-323319C61090}.Debug|Any CPU.Build.0 = Debug|Any CPU
		{BDA9D8F4-A6F7-43C7-BC46-323319C61090}.Release|Any CPU.ActiveCfg = Release|Any CPU
		{BDA9D8F4-A6F7-43C7-BC46-323319C61090}.Release|Any CPU.Build.0 = Release|Any CPU
		{69D13B95-29F4-4B00-AA13-320AE67792C3}.Debug|Any CPU.ActiveCfg = Debug|Any CPU
		{69D13B95-29F4-4B00-AA13-320AE67792C3}.Debug|Any CPU.Build.0 = Debug|Any CPU
		{69D13B95-29F4-4B00-AA13-320AE67792C3}.Release|Any CPU.ActiveCfg = Release|Any CPU
		{69D13B95-29F4-4B00-AA13-320AE67792C3}.Release|Any CPU.Build.0 = Release|Any CPU
	EndGlobalSection
EndGlobal
